// !$*UTF8*$!
{
	archiveVersion = 1;
	classes = {
	};
	objectVersion = 50;
	objects = {

/* Begin PBXBuildFile section */
		1F20E51821C9AFA100429E5F /* AppDelegate.swift in Sources */ = {isa = PBXBuildFile; fileRef = 1F20E51721C9AFA100429E5F /* AppDelegate.swift */; };
		1F20E51A21C9AFA100429E5F /* MapViewController.swift in Sources */ = {isa = PBXBuildFile; fileRef = 1F20E51921C9AFA100429E5F /* MapViewController.swift */; };
		1F20E51D21C9AFA100429E5F /* Main.storyboard in Resources */ = {isa = PBXBuildFile; fileRef = 1F20E51B21C9AFA100429E5F /* Main.storyboard */; };
		1F20E52221C9AFA200429E5F /* Assets.xcassets in Resources */ = {isa = PBXBuildFile; fileRef = 1F20E52121C9AFA200429E5F /* Assets.xcassets */; };
		1F20E52521C9AFA200429E5F /* LaunchScreen.storyboard in Resources */ = {isa = PBXBuildFile; fileRef = 1F20E52321C9AFA200429E5F /* LaunchScreen.storyboard */; };
		1F20E53121CA9E0A00429E5F /* AlbumPanel.xib in Resources */ = {isa = PBXBuildFile; fileRef = 1F20E53021CA9E0A00429E5F /* AlbumPanel.xib */; };
		1F20E53421CAB2B800429E5F /* VirtualTourist.xcdatamodeld in Sources */ = {isa = PBXBuildFile; fileRef = 1F20E53221CAB2B800429E5F /* VirtualTourist.xcdatamodeld */; };
		1F20E53621CAB75D00429E5F /* ImageCollectionViewCell.swift in Sources */ = {isa = PBXBuildFile; fileRef = 1F20E53521CAB75D00429E5F /* ImageCollectionViewCell.swift */; };
		1F20E53821CABF2900429E5F /* Pin+Extra.swift in Sources */ = {isa = PBXBuildFile; fileRef = 1F20E53721CABF2900429E5F /* Pin+Extra.swift */; };
		1F20E53A21CABFF600429E5F /* DataController.swift in Sources */ = {isa = PBXBuildFile; fileRef = 1F20E53921CABFF600429E5F /* DataController.swift */; };
		1F20E53D21CAE87400429E5F /* FlickerAPI.swift in Sources */ = {isa = PBXBuildFile; fileRef = 1F20E53C21CAE87400429E5F /* FlickerAPI.swift */; };
		1F20E53F21CAF04E00429E5F /* Photo+Extra.swift in Sources */ = {isa = PBXBuildFile; fileRef = 1F20E53E21CAF04E00429E5F /* Photo+Extra.swift */; };
		1F20E54121CB068D00429E5F /* PhotosSearchResponse.swift in Sources */ = {isa = PBXBuildFile; fileRef = 1F20E54021CB068D00429E5F /* PhotosSearchResponse.swift */; };
		1F20E54321CB08F500429E5F /* PinAnnotation.swift in Sources */ = {isa = PBXBuildFile; fileRef = 1F20E54221CB08F500429E5F /* PinAnnotation.swift */; };
		1F20E54721CB0BD100429E5F /* AlbumViewController.swift in Sources */ = {isa = PBXBuildFile; fileRef = 1F20E54621CB0BD100429E5F /* AlbumViewController.swift */; };
		1F20E54A21CBFC4300429E5F /* PhotosMetaData.swift in Sources */ = {isa = PBXBuildFile; fileRef = 1F20E54921CBFC4300429E5F /* PhotosMetaData.swift */; };
		1F20E54C21CBFCB100429E5F /* PhotoData.swift in Sources */ = {isa = PBXBuildFile; fileRef = 1F20E54B21CBFCB100429E5F /* PhotoData.swift */; };
/* End PBXBuildFile section */

/* Begin PBXFileReference section */
		1F20E51421C9AFA100429E5F /* Virtual Tourist.app */ = {isa = PBXFileReference; explicitFileType = wrapper.application; includeInIndex = 0; path = "Virtual Tourist.app"; sourceTree = BUILT_PRODUCTS_DIR; };
		1F20E51721C9AFA100429E5F /* AppDelegate.swift */ = {isa = PBXFileReference; lastKnownFileType = sourcecode.swift; path = AppDelegate.swift; sourceTree = "<group>"; };
		1F20E51921C9AFA100429E5F /* MapViewController.swift */ = {isa = PBXFileReference; lastKnownFileType = sourcecode.swift; path = MapViewController.swift; sourceTree = "<group>"; };
		1F20E51C21C9AFA100429E5F /* Base */ = {isa = PBXFileReference; lastKnownFileType = file.storyboard; name = Base; path = Base.lproj/Main.storyboard; sourceTree = "<group>"; };
		1F20E52121C9AFA200429E5F /* Assets.xcassets */ = {isa = PBXFileReference; lastKnownFileType = folder.assetcatalog; path = Assets.xcassets; sourceTree = "<group>"; };
		1F20E52421C9AFA200429E5F /* Base */ = {isa = PBXFileReference; lastKnownFileType = file.storyboard; name = Base; path = Base.lproj/LaunchScreen.storyboard; sourceTree = "<group>"; };
		1F20E52621C9AFA200429E5F /* Info.plist */ = {isa = PBXFileReference; lastKnownFileType = text.plist.xml; path = Info.plist; sourceTree = "<group>"; };
		1F20E53021CA9E0A00429E5F /* AlbumPanel.xib */ = {isa = PBXFileReference; lastKnownFileType = file.xib; path = AlbumPanel.xib; sourceTree = "<group>"; };
		1F20E53321CAB2B800429E5F /* VirtualTourist.xcdatamodel */ = {isa = PBXFileReference; lastKnownFileType = wrapper.xcdatamodel; path = VirtualTourist.xcdatamodel; sourceTree = "<group>"; };
		1F20E53521CAB75D00429E5F /* ImageCollectionViewCell.swift */ = {isa = PBXFileReference; lastKnownFileType = sourcecode.swift; path = ImageCollectionViewCell.swift; sourceTree = "<group>"; };
		1F20E53721CABF2900429E5F /* Pin+Extra.swift */ = {isa = PBXFileReference; lastKnownFileType = sourcecode.swift; path = "Pin+Extra.swift"; sourceTree = "<group>"; };
		1F20E53921CABFF600429E5F /* DataController.swift */ = {isa = PBXFileReference; lastKnownFileType = sourcecode.swift; path = DataController.swift; sourceTree = "<group>"; };
		1F20E53C21CAE87400429E5F /* FlickerAPI.swift */ = {isa = PBXFileReference; lastKnownFileType = sourcecode.swift; path = FlickerAPI.swift; sourceTree = "<group>"; };
		1F20E53E21CAF04E00429E5F /* Photo+Extra.swift */ = {isa = PBXFileReference; lastKnownFileType = sourcecode.swift; path = "Photo+Extra.swift"; sourceTree = "<group>"; };
		1F20E54021CB068D00429E5F /* PhotosSearchResponse.swift */ = {isa = PBXFileReference; lastKnownFileType = sourcecode.swift; path = PhotosSearchResponse.swift; sourceTree = "<group>"; };
		1F20E54221CB08F500429E5F /* PinAnnotation.swift */ = {isa = PBXFileReference; lastKnownFileType = sourcecode.swift; path = PinAnnotation.swift; sourceTree = "<group>"; };
		1F20E54621CB0BD100429E5F /* AlbumViewController.swift */ = {isa = PBXFileReference; lastKnownFileType = sourcecode.swift; path = AlbumViewController.swift; sourceTree = "<group>"; };
		1F20E54921CBFC4300429E5F /* PhotosMetaData.swift */ = {isa = PBXFileReference; lastKnownFileType = sourcecode.swift; path = PhotosMetaData.swift; sourceTree = "<group>"; };
		1F20E54B21CBFCB100429E5F /* PhotoData.swift */ = {isa = PBXFileReference; lastKnownFileType = sourcecode.swift; path = PhotoData.swift; sourceTree = "<group>"; };
/* End PBXFileReference section */

/* Begin PBXFrameworksBuildPhase section */
		1F20E51121C9AFA100429E5F /* Frameworks */ = {
			isa = PBXFrameworksBuildPhase;
			buildActionMask = 2147483647;
			files = (
			);
			runOnlyForDeploymentPostprocessing = 0;
		};
/* End PBXFrameworksBuildPhase section */

/* Begin PBXGroup section */
		1F20E50B21C9AFA100429E5F = {
			isa = PBXGroup;
			children = (
				1F20E51621C9AFA100429E5F /* Virtual Tourist */,
				1F20E51521C9AFA100429E5F /* Products */,
			);
			sourceTree = "<group>";
		};
		1F20E51521C9AFA100429E5F /* Products */ = {
			isa = PBXGroup;
			children = (
				1F20E51421C9AFA100429E5F /* Virtual Tourist.app */,
			);
			name = Products;
			sourceTree = "<group>";
		};
		1F20E51621C9AFA100429E5F /* Virtual Tourist */ = {
			isa = PBXGroup;
			children = (
				1F20E51721C9AFA100429E5F /* AppDelegate.swift */,
				1F20E52C21CA9D6B00429E5F /* Model */,
				1F20E52E21CA9D9700429E5F /* View */,
				1F20E52F21CA9DA300429E5F /* Controller */,
				1F20E52621C9AFA200429E5F /* Info.plist */,
			);
			path = "Virtual Tourist";
			sourceTree = "<group>";
		};
		1F20E52C21CA9D6B00429E5F /* Model */ = {
			isa = PBXGroup;
			children = (
				1F20E53B21CAE86600429E5F /* FlickrAPI */,
				1F20E53221CAB2B800429E5F /* VirtualTourist.xcdatamodeld */,
				1F20E54821CBF68A00429E5F /* CoreDataModelExtensions */,
				1F20E53921CABFF600429E5F /* DataController.swift */,
				1F20E54221CB08F500429E5F /* PinAnnotation.swift */,
			);
			path = Model;
			sourceTree = "<group>";
		};
		1F20E52E21CA9D9700429E5F /* View */ = {
			isa = PBXGroup;
			children = (
				1F20E51B21C9AFA100429E5F /* Main.storyboard */,
				1F20E52121C9AFA200429E5F /* Assets.xcassets */,
				1F20E52321C9AFA200429E5F /* LaunchScreen.storyboard */,
				1F20E53021CA9E0A00429E5F /* AlbumPanel.xib */,
				1F20E53521CAB75D00429E5F /* ImageCollectionViewCell.swift */,
			);
			path = View;
			sourceTree = "<group>";
		};
		1F20E52F21CA9DA300429E5F /* Controller */ = {
			isa = PBXGroup;
			children = (
				1F20E51921C9AFA100429E5F /* MapViewController.swift */,
				1F20E54621CB0BD100429E5F /* AlbumViewController.swift */,
			);
			path = Controller;
			sourceTree = "<group>";
		};
		1F20E53B21CAE86600429E5F /* FlickrAPI */ = {
			isa = PBXGroup;
			children = (
				1F20E53C21CAE87400429E5F /* FlickerAPI.swift */,
				1F20E54021CB068D00429E5F /* PhotosSearchResponse.swift */,
				1F20E54921CBFC4300429E5F /* PhotosMetaData.swift */,
				1F20E54B21CBFCB100429E5F /* PhotoData.swift */,
			);
			path = FlickrAPI;
			sourceTree = "<group>";
		};
		1F20E54821CBF68A00429E5F /* CoreDataModelExtensions */ = {
			isa = PBXGroup;
			children = (
				1F20E53721CABF2900429E5F /* Pin+Extra.swift */,
				1F20E53E21CAF04E00429E5F /* Photo+Extra.swift */,
			);
			path = CoreDataModelExtensions;
			sourceTree = "<group>";
		};
/* End PBXGroup section */

/* Begin PBXNativeTarget section */
		1F20E51321C9AFA100429E5F /* Virtual Tourist */ = {
			isa = PBXNativeTarget;
			buildConfigurationList = 1F20E52921C9AFA200429E5F /* Build configuration list for PBXNativeTarget "Virtual Tourist" */;
			buildPhases = (
				1F20E51021C9AFA100429E5F /* Sources */,
				1F20E51121C9AFA100429E5F /* Frameworks */,
				1F20E51221C9AFA100429E5F /* Resources */,
			);
			buildRules = (
			);
			dependencies = (
			);
			name = "Virtual Tourist";
			productName = "Virtual Tourist";
			productReference = 1F20E51421C9AFA100429E5F /* Virtual Tourist.app */;
			productType = "com.apple.product-type.application";
		};
/* End PBXNativeTarget section */

/* Begin PBXProject section */
		1F20E50C21C9AFA100429E5F /* Project object */ = {
			isa = PBXProject;
			attributes = {
				LastSwiftUpdateCheck = 1010;
				LastUpgradeCheck = 1010;
				ORGANIZATIONNAME = "Travis Baker";
				TargetAttributes = {
					1F20E51321C9AFA100429E5F = {
						CreatedOnToolsVersion = 10.1;
					};
				};
			};
			buildConfigurationList = 1F20E50F21C9AFA100429E5F /* Build configuration list for PBXProject "Virtual Tourist" */;
			compatibilityVersion = "Xcode 9.3";
			developmentRegion = en;
			hasScannedForEncodings = 0;
			knownRegions = (
				en,
				Base,
			);
			mainGroup = 1F20E50B21C9AFA100429E5F;
			productRefGroup = 1F20E51521C9AFA100429E5F /* Products */;
			projectDirPath = "";
			projectRoot = "";
			targets = (
				1F20E51321C9AFA100429E5F /* Virtual Tourist */,
			);
		};
/* End PBXProject section */

/* Begin PBXResourcesBuildPhase section */
		1F20E51221C9AFA100429E5F /* Resources */ = {
			isa = PBXResourcesBuildPhase;
			buildActionMask = 2147483647;
			files = (
				1F20E53121CA9E0A00429E5F /* AlbumPanel.xib in Resources */,
				1F20E52521C9AFA200429E5F /* LaunchScreen.storyboard in Resources */,
				1F20E52221C9AFA200429E5F /* Assets.xcassets in Resources */,
				1F20E51D21C9AFA100429E5F /* Main.storyboard in Resources */,
			);
			runOnlyForDeploymentPostprocessing = 0;
		};
/* End PBXResourcesBuildPhase section */

/* Begin PBXSourcesBuildPhase section */
		1F20E51021C9AFA100429E5F /* Sources */ = {
			isa = PBXSourcesBuildPhase;
			buildActionMask = 2147483647;
			files = (
				1F20E53A21CABFF600429E5F /* DataController.swift in Sources */,
				1F20E53421CAB2B800429E5F /* VirtualTourist.xcdatamodeld in Sources */,
				1F20E54321CB08F500429E5F /* PinAnnotation.swift in Sources */,
				1F20E53621CAB75D00429E5F /* ImageCollectionViewCell.swift in Sources */,
				1F20E51A21C9AFA100429E5F /* MapViewController.swift in Sources */,
				1F20E54A21CBFC4300429E5F /* PhotosMetaData.swift in Sources */,
				1F20E54121CB068D00429E5F /* PhotosSearchResponse.swift in Sources */,
				1F20E53D21CAE87400429E5F /* FlickerAPI.swift in Sources */,
				1F20E51821C9AFA100429E5F /* AppDelegate.swift in Sources */,
				1F20E53821CABF2900429E5F /* Pin+Extra.swift in Sources */,
				1F20E53F21CAF04E00429E5F /* Photo+Extra.swift in Sources */,
				1F20E54721CB0BD100429E5F /* AlbumViewController.swift in Sources */,
				1F20E54C21CBFCB100429E5F /* PhotoData.swift in Sources */,
			);
			runOnlyForDeploymentPostprocessing = 0;
		};
/* End PBXSourcesBuildPhase section */

/* Begin PBXVariantGroup section */
		1F20E51B21C9AFA100429E5F /* Main.storyboard */ = {
			isa = PBXVariantGroup;
			children = (
				1F20E51C21C9AFA100429E5F /* Base */,
			);
			name = Main.storyboard;
			sourceTree = "<group>";
		};
		1F20E52321C9AFA200429E5F /* LaunchScreen.storyboard */ = {
			isa = PBXVariantGroup;
			children = (
				1F20E52421C9AFA200429E5F /* Base */,
			);
			name = LaunchScreen.storyboard;
			sourceTree = "<group>";
		};
/* End PBXVariantGroup section */

/* Begin XCBuildConfiguration section */
		1F20E52721C9AFA200429E5F /* Debug */ = {
			isa = XCBuildConfiguration;
			buildSettings = {
				ALWAYS_SEARCH_USER_PATHS = NO;
				CLANG_ANALYZER_NONNULL = YES;
				CLANG_ANALYZER_NUMBER_OBJECT_CONVERSION = YES_AGGRESSIVE;
				CLANG_CXX_LANGUAGE_STANDARD = "gnu++14";
				CLANG_CXX_LIBRARY = "libc++";
				CLANG_ENABLE_MODULES = YES;
				CLANG_ENABLE_OBJC_ARC = YES;
				CLANG_ENABLE_OBJC_WEAK = YES;
				CLANG_WARN_BLOCK_CAPTURE_AUTORELEASING = YES;
				CLANG_WARN_BOOL_CONVERSION = YES;
				CLANG_WARN_COMMA = YES;
				CLANG_WARN_CONSTANT_CONVERSION = YES;
				CLANG_WARN_DEPRECATED_OBJC_IMPLEMENTATIONS = YES;
				CLANG_WARN_DIRECT_OBJC_ISA_USAGE = YES_ERROR;
				CLANG_WARN_DOCUMENTATION_COMMENTS = YES;
				CLANG_WARN_EMPTY_BODY = YES;
				CLANG_WARN_ENUM_CONVERSION = YES;
				CLANG_WARN_INFINITE_RECURSION = YES;
				CLANG_WARN_INT_CONVERSION = YES;
				CLANG_WARN_NON_LITERAL_NULL_CONVERSION = YES;
				CLANG_WARN_OBJC_IMPLICIT_RETAIN_SELF = YES;
				CLANG_WARN_OBJC_LITERAL_CONVERSION = YES;
				CLANG_WARN_OBJC_ROOT_CLASS = YES_ERROR;
				CLANG_WARN_RANGE_LOOP_ANALYSIS = YES;
				CLANG_WARN_STRICT_PROTOTYPES = YES;
				CLANG_WARN_SUSPICIOUS_MOVE = YES;
				CLANG_WARN_UNGUARDED_AVAILABILITY = YES_AGGRESSIVE;
				CLANG_WARN_UNREACHABLE_CODE = YES;
				CLANG_WARN__DUPLICATE_METHOD_MATCH = YES;
				CODE_SIGN_IDENTITY = "iPhone Developer";
				COPY_PHASE_STRIP = NO;
				DEBUG_INFORMATION_FORMAT = dwarf;
				ENABLE_STRICT_OBJC_MSGSEND = YES;
				ENABLE_TESTABILITY = YES;
				GCC_C_LANGUAGE_STANDARD = gnu11;
				GCC_DYNAMIC_NO_PIC = NO;
				GCC_NO_COMMON_BLOCKS = YES;
				GCC_OPTIMIZATION_LEVEL = 0;
				GCC_PREPROCESSOR_DEFINITIONS = (
					"DEBUG=1",
					"$(inherited)",
				);
				GCC_WARN_64_TO_32_BIT_CONVERSION = YES;
				GCC_WARN_ABOUT_RETURN_TYPE = YES_ERROR;
				GCC_WARN_UNDECLARED_SELECTOR = YES;
				GCC_WARN_UNINITIALIZED_AUTOS = YES_AGGRESSIVE;
				GCC_WARN_UNUSED_FUNCTION = YES;
				GCC_WARN_UNUSED_VARIABLE = YES;
				IPHONEOS_DEPLOYMENT_TARGET = 12.1;
				MTL_ENABLE_DEBUG_INFO = INCLUDE_SOURCE;
				MTL_FAST_MATH = YES;
				ONLY_ACTIVE_ARCH = YES;
				SDKROOT = iphoneos;
				SWIFT_ACTIVE_COMPILATION_CONDITIONS = DEBUG;
				SWIFT_OPTIMIZATION_LEVEL = "-Onone";
			};
			name = Debug;
		};
		1F20E52821C9AFA200429E5F /* Release */ = {
			isa = XCBuildConfiguration;
			buildSettings = {
				ALWAYS_SEARCH_USER_PATHS = NO;
				CLANG_ANALYZER_NONNULL = YES;
				CLANG_ANALYZER_NUMBER_OBJECT_CONVERSION = YES_AGGRESSIVE;
				CLANG_CXX_LANGUAGE_STANDARD = "gnu++14";
				CLANG_CXX_LIBRARY = "libc++";
				CLANG_ENABLE_MODULES = YES;
				CLANG_ENABLE_OBJC_ARC = YES;
				CLANG_ENABLE_OBJC_WEAK = YES;
				CLANG_WARN_BLOCK_CAPTURE_AUTORELEASING = YES;
				CLANG_WARN_BOOL_CONVERSION = YES;
				CLANG_WARN_COMMA = YES;
				CLANG_WARN_CONSTANT_CONVERSION = YES;
				CLANG_WARN_DEPRECATED_OBJC_IMPLEMENTATIONS = YES;
				CLANG_WARN_DIRECT_OBJC_ISA_USAGE = YES_ERROR;
				CLANG_WARN_DOCUMENTATION_COMMENTS = YES;
				CLANG_WARN_EMPTY_BODY = YES;
				CLANG_WARN_ENUM_CONVERSION = YES;
				CLANG_WARN_INFINITE_RECURSION = YES;
				CLANG_WARN_INT_CONVERSION = YES;
				CLANG_WARN_NON_LITERAL_NULL_CONVERSION = YES;
				CLANG_WARN_OBJC_IMPLICIT_RETAIN_SELF = YES;
				CLANG_WARN_OBJC_LITERAL_CONVERSION = YES;
				CLANG_WARN_OBJC_ROOT_CLASS = YES_ERROR;
				CLANG_WARN_RANGE_LOOP_ANALYSIS = YES;
				CLANG_WARN_STRICT_PROTOTYPES = YES;
				CLANG_WARN_SUSPICIOUS_MOVE = YES;
				CLANG_WARN_UNGUARDED_AVAILABILITY = YES_AGGRESSIVE;
				CLANG_WARN_UNREACHABLE_CODE = YES;
				CLANG_WARN__DUPLICATE_METHOD_MATCH = YES;
				CODE_SIGN_IDENTITY = "iPhone Developer";
				COPY_PHASE_STRIP = NO;
				DEBUG_INFORMATION_FORMAT = "dwarf-with-dsym";
				ENABLE_NS_ASSERTIONS = NO;
				ENABLE_STRICT_OBJC_MSGSEND = YES;
				GCC_C_LANGUAGE_STANDARD = gnu11;
				GCC_NO_COMMON_BLOCKS = YES;
				GCC_WARN_64_TO_32_BIT_CONVERSION = YES;
				GCC_WARN_ABOUT_RETURN_TYPE = YES_ERROR;
				GCC_WARN_UNDECLARED_SELECTOR = YES;
				GCC_WARN_UNINITIALIZED_AUTOS = YES_AGGRESSIVE;
				GCC_WARN_UNUSED_FUNCTION = YES;
				GCC_WARN_UNUSED_VARIABLE = YES;
				IPHONEOS_DEPLOYMENT_TARGET = 12.1;
				MTL_ENABLE_DEBUG_INFO = NO;
				MTL_FAST_MATH = YES;
				SDKROOT = iphoneos;
				SWIFT_COMPILATION_MODE = wholemodule;
				SWIFT_OPTIMIZATION_LEVEL = "-O";
				VALIDATE_PRODUCT = YES;
			};
			name = Release;
		};
		1F20E52A21C9AFA200429E5F /* Debug */ = {
			isa = XCBuildConfiguration;
			buildSettings = {
				ASSETCATALOG_COMPILER_APPICON_NAME = AppIcon;
				CODE_SIGN_STYLE = Automatic;
				DEVELOPMENT_TEAM = 9LL4N5ZYB4;
				INFOPLIST_FILE = "Virtual Tourist/Info.plist";
				LD_RUNPATH_SEARCH_PATHS = (
					"$(inherited)",
					"@executable_path/Frameworks",
				);
				PRODUCT_BUNDLE_IDENTIFIER = "com.bakercreations.Virtual-Tourist";
				PRODUCT_NAME = "$(TARGET_NAME)";
				SWIFT_VERSION = 4.2;
				TARGETED_DEVICE_FAMILY = "1,2";
			};
			name = Debug;
		};
		1F20E52B21C9AFA200429E5F /* Release */ = {
			isa = XCBuildConfiguration;
			buildSettings = {
				ASSETCATALOG_COMPILER_APPICON_NAME = AppIcon;
				CODE_SIGN_STYLE = Automatic;
				DEVELOPMENT_TEAM = 9LL4N5ZYB4;
				INFOPLIST_FILE = "Virtual Tourist/Info.plist";
				LD_RUNPATH_SEARCH_PATHS = (
					"$(inherited)",
					"@executable_path/Frameworks",
				);
				PRODUCT_BUNDLE_IDENTIFIER = "com.bakercreations.Virtual-Tourist";
				PRODUCT_NAME = "$(TARGET_NAME)";
				SWIFT_VERSION = 4.2;
				TARGETED_DEVICE_FAMILY = "1,2";
			};
			name = Release;
		};
/* End XCBuildConfiguration section */

/* Begin XCConfigurationList section */
		1F20E50F21C9AFA100429E5F /* Build configuration list for PBXProject "Virtual Tourist" */ = {
			isa = XCConfigurationList;
			buildConfigurations = (
				1F20E52721C9AFA200429E5F /* Debug */,
				1F20E52821C9AFA200429E5F /* Release */,
			);
			defaultConfigurationIsVisible = 0;
			defaultConfigurationName = Release;
		};
		1F20E52921C9AFA200429E5F /* Build configuration list for PBXNativeTarget "Virtual Tourist" */ = {
			isa = XCConfigurationList;
			buildConfigurations = (
				1F20E52A21C9AFA200429E5F /* Debug */,
				1F20E52B21C9AFA200429E5F /* Release */,
			);
			defaultConfigurationIsVisible = 0;
			defaultConfigurationName = Release;
		};
/* End XCConfigurationList section */

/* Begin XCVersionGroup section */
		1F20E53221CAB2B800429E5F /* VirtualTourist.xcdatamodeld */ = {
			isa = XCVersionGroup;
			children = (
				1F20E53321CAB2B800429E5F /* VirtualTourist.xcdatamodel */,
			);
			currentVersion = 1F20E53321CAB2B800429E5F /* VirtualTourist.xcdatamodel */;
			path = VirtualTourist.xcdatamodeld;
			sourceTree = "<group>";
			versionGroupType = wrapper.xcdatamodel;
		};
/* End XCVersionGroup section */
	};
	rootObject = 1F20E50C21C9AFA100429E5F /* Project object */;
}
